// !$*UTF8*$!
{
	archiveVersion = 1;
	classes = {
	};
	objectVersion = 55;
	objects = {

/* Begin PBXBuildFile section */
		711C787F2EBED8AB05692F4B /* Pods_TransitVisuals.framework in Frameworks */ = {isa = PBXBuildFile; fileRef = 37B4A12E5E35D3B0A32DAE10 /* Pods_TransitVisuals.framework */; };
		8904D5D82971F8B200F71907 /* TripDeterminer.swift in Sources */ = {isa = PBXBuildFile; fileRef = 8904D5D72971F8B200F71907 /* TripDeterminer.swift */; };
		8921F2DA289BBDB9000A1B4B /* RealTimeVehicleController.swift in Sources */ = {isa = PBXBuildFile; fileRef = 8921F2D9289BBDB9000A1B4B /* RealTimeVehicleController.swift */; };
		89286E93296E7C4900C0DD09 /* BusStopClusterAnnotation.swift in Sources */ = {isa = PBXBuildFile; fileRef = 89286E92296E7C4900C0DD09 /* BusStopClusterAnnotation.swift */; };
		89286E96296F4FCB00C0DD09 /* BusStopQueryManager.swift in Sources */ = {isa = PBXBuildFile; fileRef = 89286E95296F4FCB00C0DD09 /* BusStopQueryManager.swift */; };
		89286E98296F505500C0DD09 /* TripQueryManager.swift in Sources */ = {isa = PBXBuildFile; fileRef = 89286E97296F505500C0DD09 /* TripQueryManager.swift */; };
		89286E9A296F50B800C0DD09 /* RouteShapeQueryManager.swift in Sources */ = {isa = PBXBuildFile; fileRef = 89286E99296F50B800C0DD09 /* RouteShapeQueryManager.swift */; };
		893EB4B628A45EAC00C7FB12 /* assets.xcassets in Resources */ = {isa = PBXBuildFile; fileRef = 893EB4B528A45EAC00C7FB12 /* assets.xcassets */; };
		8953318C296D34FD00B37B2D /* BusStopAnnotation.swift in Sources */ = {isa = PBXBuildFile; fileRef = 8953318B296D34FC00B37B2D /* BusStopAnnotation.swift */; };
		89533192296D6B0700B37B2D /* BusStopAnnotationView.swift in Sources */ = {isa = PBXBuildFile; fileRef = 89533191296D6B0700B37B2D /* BusStopAnnotationView.swift */; };
		89533194296D71A600B37B2D /* MapViewDelegate.swift in Sources */ = {isa = PBXBuildFile; fileRef = 89533193296D71A600B37B2D /* MapViewDelegate.swift */; };
		8974F3CB28AD7D1A002938F0 /* Constants.swift in Sources */ = {isa = PBXBuildFile; fileRef = 8974F3CA28AD7D1A002938F0 /* Constants.swift */; };
		8980A82328A4CEA100AE6633 /* ResourceFetcher.swift in Sources */ = {isa = PBXBuildFile; fileRef = 8980A82228A4CEA100AE6633 /* ResourceFetcher.swift */; };
		8980A82E28A4DA8300AE6633 /* BusAnnotation.xib in Resources */ = {isa = PBXBuildFile; fileRef = 8980A82D28A4DA8300AE6633 /* BusAnnotation.xib */; };
		8980A83028A4DADC00AE6633 /* BusAnnotation.swift in Sources */ = {isa = PBXBuildFile; fileRef = 8980A82F28A4DADC00AE6633 /* BusAnnotation.swift */; };
		898E1DA9296FC7AF00B081A5 /* RealTimeUpdater.swift in Sources */ = {isa = PBXBuildFile; fileRef = 898E1DA8296FC7AF00B081A5 /* RealTimeUpdater.swift */; };
		898FF7A92965194B00745426 /* ResourcesManager.swift in Sources */ = {isa = PBXBuildFile; fileRef = 898FF7A82965194B00745426 /* ResourcesManager.swift */; };
		89A4F7372970FD8500BE89BA /* TempViewControllerExtension.swift in Sources */ = {isa = PBXBuildFile; fileRef = 89A4F7362970FD8500BE89BA /* TempViewControllerExtension.swift */; };
		89BBAEB82898EF44008F21CD /* AppDelegate.swift in Sources */ = {isa = PBXBuildFile; fileRef = 89BBAEB72898EF44008F21CD /* AppDelegate.swift */; };
		89BBAEBA2898EF44008F21CD /* SceneDelegate.swift in Sources */ = {isa = PBXBuildFile; fileRef = 89BBAEB92898EF44008F21CD /* SceneDelegate.swift */; };
		89BBAEBC2898EF44008F21CD /* ViewController.swift in Sources */ = {isa = PBXBuildFile; fileRef = 89BBAEBB2898EF44008F21CD /* ViewController.swift */; };
		89BBAEBF2898EF44008F21CD /* Main.storyboard in Resources */ = {isa = PBXBuildFile; fileRef = 89BBAEBD2898EF44008F21CD /* Main.storyboard */; };
		89BBAEC42898EF4A008F21CD /* LaunchScreen.storyboard in Resources */ = {isa = PBXBuildFile; fileRef = 89BBAEC22898EF4A008F21CD /* LaunchScreen.storyboard */; };
		89BBAECC2898EFB1008F21CD /* gtfs-realtime.pb.swift in Sources */ = {isa = PBXBuildFile; fileRef = 89BBAECB2898EFB1008F21CD /* gtfs-realtime.pb.swift */; };
		89BE0B2128B04B89006DB397 /* TripShapes.swift in Sources */ = {isa = PBXBuildFile; fileRef = 89BE0B2028B04B89006DB397 /* TripShapes.swift */; };
		89C4F305296ACB64005C7168 /* DataQueryManager.swift in Sources */ = {isa = PBXBuildFile; fileRef = 89C4F304296ACB64005C7168 /* DataQueryManager.swift */; };
		89C4F307296ACEA1005C7168 /* DataConverters.swift in Sources */ = {isa = PBXBuildFile; fileRef = 89C4F306296ACEA1005C7168 /* DataConverters.swift */; };
		89F384C229692EB400D1E504 /* DataModel.xcdatamodeld in Sources */ = {isa = PBXBuildFile; fileRef = 89F384C029692EB400D1E504 /* DataModel.xcdatamodeld */; };
		89F384C42969346800D1E504 /* DataManagerIntitializer.swift in Sources */ = {isa = PBXBuildFile; fileRef = 89F384C32969346800D1E504 /* DataManagerIntitializer.swift */; };
/* End PBXBuildFile section */

/* Begin PBXFileReference section */
		37B4A12E5E35D3B0A32DAE10 /* Pods_TransitVisuals.framework */ = {isa = PBXFileReference; explicitFileType = wrapper.framework; includeInIndex = 0; path = Pods_TransitVisuals.framework; sourceTree = BUILT_PRODUCTS_DIR; };
		67A270D1AF26B268B7D4C00E /* Pods-TransitVisuals.release.xcconfig */ = {isa = PBXFileReference; includeInIndex = 1; lastKnownFileType = text.xcconfig; name = "Pods-TransitVisuals.release.xcconfig"; path = "Target Support Files/Pods-TransitVisuals/Pods-TransitVisuals.release.xcconfig"; sourceTree = "<group>"; };
		6CFEF8BA698AA24AC5C345EE /* Pods-TransitVisuals.debug.xcconfig */ = {isa = PBXFileReference; includeInIndex = 1; lastKnownFileType = text.xcconfig; name = "Pods-TransitVisuals.debug.xcconfig"; path = "Target Support Files/Pods-TransitVisuals/Pods-TransitVisuals.debug.xcconfig"; sourceTree = "<group>"; };
		8904D5D72971F8B200F71907 /* TripDeterminer.swift */ = {isa = PBXFileReference; lastKnownFileType = sourcecode.swift; path = TripDeterminer.swift; sourceTree = "<group>"; };
		8921F2D9289BBDB9000A1B4B /* RealTimeVehicleController.swift */ = {isa = PBXFileReference; lastKnownFileType = sourcecode.swift; path = RealTimeVehicleController.swift; sourceTree = "<group>"; };
		89286E92296E7C4900C0DD09 /* BusStopClusterAnnotation.swift */ = {isa = PBXFileReference; lastKnownFileType = sourcecode.swift; path = BusStopClusterAnnotation.swift; sourceTree = "<group>"; };
		89286E95296F4FCB00C0DD09 /* BusStopQueryManager.swift */ = {isa = PBXFileReference; lastKnownFileType = sourcecode.swift; path = BusStopQueryManager.swift; sourceTree = "<group>"; };
		89286E97296F505500C0DD09 /* TripQueryManager.swift */ = {isa = PBXFileReference; lastKnownFileType = sourcecode.swift; path = TripQueryManager.swift; sourceTree = "<group>"; };
		89286E99296F50B800C0DD09 /* RouteShapeQueryManager.swift */ = {isa = PBXFileReference; lastKnownFileType = sourcecode.swift; path = RouteShapeQueryManager.swift; sourceTree = "<group>"; };
		893EB4B528A45EAC00C7FB12 /* assets.xcassets */ = {isa = PBXFileReference; lastKnownFileType = folder.assetcatalog; path = assets.xcassets; sourceTree = "<group>"; };
		8953318B296D34FC00B37B2D /* BusStopAnnotation.swift */ = {isa = PBXFileReference; lastKnownFileType = sourcecode.swift; path = BusStopAnnotation.swift; sourceTree = "<group>"; };
		89533191296D6B0700B37B2D /* BusStopAnnotationView.swift */ = {isa = PBXFileReference; lastKnownFileType = sourcecode.swift; path = BusStopAnnotationView.swift; sourceTree = "<group>"; };
		89533193296D71A600B37B2D /* MapViewDelegate.swift */ = {isa = PBXFileReference; lastKnownFileType = sourcecode.swift; path = MapViewDelegate.swift; sourceTree = "<group>"; };
		8974F3CA28AD7D1A002938F0 /* Constants.swift */ = {isa = PBXFileReference; lastKnownFileType = sourcecode.swift; path = Constants.swift; sourceTree = "<group>"; };
		8980A82228A4CEA100AE6633 /* ResourceFetcher.swift */ = {isa = PBXFileReference; lastKnownFileType = sourcecode.swift; path = ResourceFetcher.swift; sourceTree = "<group>"; };
		8980A82D28A4DA8300AE6633 /* BusAnnotation.xib */ = {isa = PBXFileReference; lastKnownFileType = file.xib; path = BusAnnotation.xib; sourceTree = "<group>"; };
		8980A82F28A4DADC00AE6633 /* BusAnnotation.swift */ = {isa = PBXFileReference; lastKnownFileType = sourcecode.swift; path = BusAnnotation.swift; sourceTree = "<group>"; };
		898E1DA8296FC7AF00B081A5 /* RealTimeUpdater.swift */ = {isa = PBXFileReference; lastKnownFileType = sourcecode.swift; path = RealTimeUpdater.swift; sourceTree = "<group>"; };
		898FF7A82965194B00745426 /* ResourcesManager.swift */ = {isa = PBXFileReference; lastKnownFileType = sourcecode.swift; path = ResourcesManager.swift; sourceTree = "<group>"; };
		89A4F7362970FD8500BE89BA /* TempViewControllerExtension.swift */ = {isa = PBXFileReference; lastKnownFileType = sourcecode.swift; path = TempViewControllerExtension.swift; sourceTree = "<group>"; };
		89BBAEB42898EF44008F21CD /* TransitVisuals.app */ = {isa = PBXFileReference; explicitFileType = wrapper.application; includeInIndex = 0; path = TransitVisuals.app; sourceTree = BUILT_PRODUCTS_DIR; };
		89BBAEB72898EF44008F21CD /* AppDelegate.swift */ = {isa = PBXFileReference; lastKnownFileType = sourcecode.swift; path = AppDelegate.swift; sourceTree = "<group>"; };
		89BBAEB92898EF44008F21CD /* SceneDelegate.swift */ = {isa = PBXFileReference; lastKnownFileType = sourcecode.swift; path = SceneDelegate.swift; sourceTree = "<group>"; };
		89BBAEBB2898EF44008F21CD /* ViewController.swift */ = {isa = PBXFileReference; lastKnownFileType = sourcecode.swift; path = ViewController.swift; sourceTree = "<group>"; };
		89BBAEBE2898EF44008F21CD /* Base */ = {isa = PBXFileReference; lastKnownFileType = file.storyboard; name = Base; path = Base.lproj/Main.storyboard; sourceTree = "<group>"; };
		89BBAEC32898EF4A008F21CD /* Base */ = {isa = PBXFileReference; lastKnownFileType = file.storyboard; name = Base; path = Base.lproj/LaunchScreen.storyboard; sourceTree = "<group>"; };
		89BBAEC52898EF4A008F21CD /* Info.plist */ = {isa = PBXFileReference; lastKnownFileType = text.plist.xml; path = Info.plist; sourceTree = "<group>"; };
		89BBAECB2898EFB1008F21CD /* gtfs-realtime.pb.swift */ = {isa = PBXFileReference; fileEncoding = 4; lastKnownFileType = sourcecode.swift; path = "gtfs-realtime.pb.swift"; sourceTree = "<group>"; };
		89BE0B2028B04B89006DB397 /* TripShapes.swift */ = {isa = PBXFileReference; lastKnownFileType = sourcecode.swift; path = TripShapes.swift; sourceTree = "<group>"; };
		89C4F304296ACB64005C7168 /* DataQueryManager.swift */ = {isa = PBXFileReference; lastKnownFileType = sourcecode.swift; path = DataQueryManager.swift; sourceTree = "<group>"; };
		89C4F306296ACEA1005C7168 /* DataConverters.swift */ = {isa = PBXFileReference; lastKnownFileType = sourcecode.swift; path = DataConverters.swift; sourceTree = "<group>"; };
		89F384C129692EB400D1E504 /* DataModel.xcdatamodel */ = {isa = PBXFileReference; lastKnownFileType = wrapper.xcdatamodel; path = DataModel.xcdatamodel; sourceTree = "<group>"; };
		89F384C32969346800D1E504 /* DataManagerIntitializer.swift */ = {isa = PBXFileReference; lastKnownFileType = sourcecode.swift; path = DataManagerIntitializer.swift; sourceTree = "<group>"; };
/* End PBXFileReference section */

/* Begin PBXFrameworksBuildPhase section */
		89BBAEB12898EF44008F21CD /* Frameworks */ = {
			isa = PBXFrameworksBuildPhase;
			buildActionMask = 2147483647;
			files = (
				711C787F2EBED8AB05692F4B /* Pods_TransitVisuals.framework in Frameworks */,
			);
			runOnlyForDeploymentPostprocessing = 0;
		};
/* End PBXFrameworksBuildPhase section */

/* Begin PBXGroup section */
		3206DEFB41907A0863A48CEF /* Frameworks */ = {
			isa = PBXGroup;
			children = (
				37B4A12E5E35D3B0A32DAE10 /* Pods_TransitVisuals.framework */,
			);
			name = Frameworks;
			sourceTree = "<group>";
		};
		8904D5D62971F87600F71907 /* TripDeterminer */ = {
			isa = PBXGroup;
			children = (
				89A4F7362970FD8500BE89BA /* TempViewControllerExtension.swift */,
				8904D5D72971F8B200F71907 /* TripDeterminer.swift */,
			);
			name = TripDeterminer;
			sourceTree = "<group>";
		};
		89286E94296F4FA300C0DD09 /* QueryManager */ = {
			isa = PBXGroup;
			children = (
				89C4F304296ACB64005C7168 /* DataQueryManager.swift */,
				89286E95296F4FCB00C0DD09 /* BusStopQueryManager.swift */,
				89286E97296F505500C0DD09 /* TripQueryManager.swift */,
				89286E99296F50B800C0DD09 /* RouteShapeQueryManager.swift */,
			);
			name = QueryManager;
			sourceTree = "<group>";
		};
		8980A82428A4D18E00AE6633 /* BusAnnotation */ = {
			isa = PBXGroup;
			children = (
				89AA7A6B2970C34B004A286D /* BusStopAnnotation */,
				8980A82D28A4DA8300AE6633 /* BusAnnotation.xib */,
				8980A82F28A4DADC00AE6633 /* BusAnnotation.swift */,
			);
			path = BusAnnotation;
			sourceTree = "<group>";
		};
		898E1DA7296FC39000B081A5 /* RealTimeData */ = {
			isa = PBXGroup;
			children = (
				898E1DA8296FC7AF00B081A5 /* RealTimeUpdater.swift */,
			);
			name = RealTimeData;
			sourceTree = "<group>";
		};
		89AA7A6B2970C34B004A286D /* BusStopAnnotation */ = {
			isa = PBXGroup;
			children = (
				89533191296D6B0700B37B2D /* BusStopAnnotationView.swift */,
				8953318B296D34FC00B37B2D /* BusStopAnnotation.swift */,
				89286E92296E7C4900C0DD09 /* BusStopClusterAnnotation.swift */,
			);
			path = BusStopAnnotation;
			sourceTree = "<group>";
		};
		89AA7A6C2970D719004A286D /* ViewController */ = {
			isa = PBXGroup;
			children = (
				89BBAEBB2898EF44008F21CD /* ViewController.swift */,
				89533193296D71A600B37B2D /* MapViewDelegate.swift */,
				8921F2D9289BBDB9000A1B4B /* RealTimeVehicleController.swift */,
				8980A82228A4CEA100AE6633 /* ResourceFetcher.swift */,
			);
			name = ViewController;
			sourceTree = "<group>";
		};
		89BBAEAB2898EF44008F21CD = {
			isa = PBXGroup;
			children = (
				89BBAEB62898EF44008F21CD /* TransitVisuals */,
				89BBAEB52898EF44008F21CD /* Products */,
				EF49D4D98CB25F689D9E3915 /* Pods */,
				3206DEFB41907A0863A48CEF /* Frameworks */,
			);
			sourceTree = "<group>";
		};
		89BBAEB52898EF44008F21CD /* Products */ = {
			isa = PBXGroup;
			children = (
				89BBAEB42898EF44008F21CD /* TransitVisuals.app */,
			);
			name = Products;
			sourceTree = "<group>";
		};
		89BBAEB62898EF44008F21CD /* TransitVisuals */ = {
			isa = PBXGroup;
			children = (
				89F384C029692EB400D1E504 /* DataModel.xcdatamodeld */,
				89BBAEB92898EF44008F21CD /* SceneDelegate.swift */,
				89BBAEB72898EF44008F21CD /* AppDelegate.swift */,
				89BE0B1F28B04B67006DB397 /* Models */,
				89AA7A6C2970D719004A286D /* ViewController */,
				89286E94296F4FA300C0DD09 /* QueryManager */,
				898E1DA7296FC39000B081A5 /* RealTimeData */,
				8904D5D62971F87600F71907 /* TripDeterminer */,
				8980A82428A4D18E00AE6633 /* BusAnnotation */,
				89BBAEBD2898EF44008F21CD /* Main.storyboard */,
				89BBAEC22898EF4A008F21CD /* LaunchScreen.storyboard */,
				89BBAEC52898EF4A008F21CD /* Info.plist */,
				893EB4B528A45EAC00C7FB12 /* assets.xcassets */,
				898FF7A82965194B00745426 /* ResourcesManager.swift */,
				89F384C32969346800D1E504 /* DataManagerIntitializer.swift */,
			);
			path = TransitVisuals;
			sourceTree = "<group>";
		};
		89BE0B1F28B04B67006DB397 /* Models */ = {
			isa = PBXGroup;
			children = (
				89BBAECB2898EFB1008F21CD /* gtfs-realtime.pb.swift */,
				8974F3CA28AD7D1A002938F0 /* Constants.swift */,
				89BE0B2028B04B89006DB397 /* TripShapes.swift */,
				89C4F306296ACEA1005C7168 /* DataConverters.swift */,
			);
			name = Models;
			sourceTree = "<group>";
		};
		EF49D4D98CB25F689D9E3915 /* Pods */ = {
			isa = PBXGroup;
			children = (
				6CFEF8BA698AA24AC5C345EE /* Pods-TransitVisuals.debug.xcconfig */,
				67A270D1AF26B268B7D4C00E /* Pods-TransitVisuals.release.xcconfig */,
			);
			path = Pods;
			sourceTree = "<group>";
		};
/* End PBXGroup section */

/* Begin PBXNativeTarget section */
		89BBAEB32898EF44008F21CD /* TransitVisuals */ = {
			isa = PBXNativeTarget;
			buildConfigurationList = 89BBAEC82898EF4A008F21CD /* Build configuration list for PBXNativeTarget "TransitVisuals" */;
			buildPhases = (
				BD8D199B20965C58898E6498 /* [CP] Check Pods Manifest.lock */,
				89BBAEB02898EF44008F21CD /* Sources */,
				89BBAEB12898EF44008F21CD /* Frameworks */,
				89BBAEB22898EF44008F21CD /* Resources */,
				F070C128413D9E64EBFA67E5 /* [CP] Embed Pods Frameworks */,
			);
			buildRules = (
			);
			dependencies = (
			);
			name = TransitVisuals;
			productName = TransitVisuals;
			productReference = 89BBAEB42898EF44008F21CD /* TransitVisuals.app */;
			productType = "com.apple.product-type.application";
		};
/* End PBXNativeTarget section */

/* Begin PBXProject section */
		89BBAEAC2898EF44008F21CD /* Project object */ = {
			isa = PBXProject;
			attributes = {
				BuildIndependentTargetsInParallel = 1;
				LastSwiftUpdateCheck = 1340;
				LastUpgradeCheck = 1340;
				TargetAttributes = {
					89BBAEB32898EF44008F21CD = {
						CreatedOnToolsVersion = 13.4.1;
					};
				};
			};
			buildConfigurationList = 89BBAEAF2898EF44008F21CD /* Build configuration list for PBXProject "TransitVisuals" */;
			compatibilityVersion = "Xcode 13.0";
			developmentRegion = en;
			hasScannedForEncodings = 0;
			knownRegions = (
				en,
				Base,
			);
			mainGroup = 89BBAEAB2898EF44008F21CD;
			productRefGroup = 89BBAEB52898EF44008F21CD /* Products */;
			projectDirPath = "";
			projectRoot = "";
			targets = (
				89BBAEB32898EF44008F21CD /* TransitVisuals */,
			);
		};
/* End PBXProject section */

/* Begin PBXResourcesBuildPhase section */
		89BBAEB22898EF44008F21CD /* Resources */ = {
			isa = PBXResourcesBuildPhase;
			buildActionMask = 2147483647;
			files = (
				89BBAEC42898EF4A008F21CD /* LaunchScreen.storyboard in Resources */,
				89BBAEBF2898EF44008F21CD /* Main.storyboard in Resources */,
				893EB4B628A45EAC00C7FB12 /* assets.xcassets in Resources */,
				8980A82E28A4DA8300AE6633 /* BusAnnotation.xib in Resources */,
			);
			runOnlyForDeploymentPostprocessing = 0;
		};
/* End PBXResourcesBuildPhase section */

/* Begin PBXShellScriptBuildPhase section */
		BD8D199B20965C58898E6498 /* [CP] Check Pods Manifest.lock */ = {
			isa = PBXShellScriptBuildPhase;
			buildActionMask = 2147483647;
			files = (
			);
			inputFileListPaths = (
			);
			inputPaths = (
				"${PODS_PODFILE_DIR_PATH}/Podfile.lock",
				"${PODS_ROOT}/Manifest.lock",
			);
			name = "[CP] Check Pods Manifest.lock";
			outputFileListPaths = (
			);
			outputPaths = (
				"$(DERIVED_FILE_DIR)/Pods-TransitVisuals-checkManifestLockResult.txt",
			);
			runOnlyForDeploymentPostprocessing = 0;
			shellPath = /bin/sh;
			shellScript = "diff \"${PODS_PODFILE_DIR_PATH}/Podfile.lock\" \"${PODS_ROOT}/Manifest.lock\" > /dev/null\nif [ $? != 0 ] ; then\n    # print error to STDERR\n    echo \"error: The sandbox is not in sync with the Podfile.lock. Run 'pod install' or update your CocoaPods installation.\" >&2\n    exit 1\nfi\n# This output is used by Xcode 'outputs' to avoid re-running this script phase.\necho \"SUCCESS\" > \"${SCRIPT_OUTPUT_FILE_0}\"\n";
			showEnvVarsInLog = 0;
		};
		F070C128413D9E64EBFA67E5 /* [CP] Embed Pods Frameworks */ = {
			isa = PBXShellScriptBuildPhase;
			buildActionMask = 2147483647;
			files = (
			);
			inputFileListPaths = (
				"${PODS_ROOT}/Target Support Files/Pods-TransitVisuals/Pods-TransitVisuals-frameworks-${CONFIGURATION}-input-files.xcfilelist",
			);
			name = "[CP] Embed Pods Frameworks";
			outputFileListPaths = (
				"${PODS_ROOT}/Target Support Files/Pods-TransitVisuals/Pods-TransitVisuals-frameworks-${CONFIGURATION}-output-files.xcfilelist",
			);
			runOnlyForDeploymentPostprocessing = 0;
			shellPath = /bin/sh;
			shellScript = "\"${PODS_ROOT}/Target Support Files/Pods-TransitVisuals/Pods-TransitVisuals-frameworks.sh\"\n";
			showEnvVarsInLog = 0;
		};
/* End PBXShellScriptBuildPhase section */

/* Begin PBXSourcesBuildPhase section */
		89BBAEB02898EF44008F21CD /* Sources */ = {
			isa = PBXSourcesBuildPhase;
			buildActionMask = 2147483647;
			files = (
				89C4F305296ACB64005C7168 /* DataQueryManager.swift in Sources */,
				8980A83028A4DADC00AE6633 /* BusAnnotation.swift in Sources */,
				8953318C296D34FD00B37B2D /* BusStopAnnotation.swift in Sources */,
				898FF7A92965194B00745426 /* ResourcesManager.swift in Sources */,
				89533192296D6B0700B37B2D /* BusStopAnnotationView.swift in Sources */,
				89286E93296E7C4900C0DD09 /* BusStopClusterAnnotation.swift in Sources */,
				89BBAEBC2898EF44008F21CD /* ViewController.swift in Sources */,
				89C4F307296ACEA1005C7168 /* DataConverters.swift in Sources */,
				89286E9A296F50B800C0DD09 /* RouteShapeQueryManager.swift in Sources */,
				89BE0B2128B04B89006DB397 /* TripShapes.swift in Sources */,
				89286E96296F4FCB00C0DD09 /* BusStopQueryManager.swift in Sources */,
				8980A82328A4CEA100AE6633 /* ResourceFetcher.swift in Sources */,
				8974F3CB28AD7D1A002938F0 /* Constants.swift in Sources */,
				8904D5D82971F8B200F71907 /* TripDeterminer.swift in Sources */,
				89BBAECC2898EFB1008F21CD /* gtfs-realtime.pb.swift in Sources */,
				89F384C42969346800D1E504 /* DataManagerIntitializer.swift in Sources */,
				8921F2DA289BBDB9000A1B4B /* RealTimeVehicleController.swift in Sources */,
				89F384C229692EB400D1E504 /* DataModel.xcdatamodeld in Sources */,
				89A4F7372970FD8500BE89BA /* TempViewControllerExtension.swift in Sources */,
				89286E98296F505500C0DD09 /* TripQueryManager.swift in Sources */,
				89BBAEB82898EF44008F21CD /* AppDelegate.swift in Sources */,
				89BBAEBA2898EF44008F21CD /* SceneDelegate.swift in Sources */,
				89533194296D71A600B37B2D /* MapViewDelegate.swift in Sources */,
				898E1DA9296FC7AF00B081A5 /* RealTimeUpdater.swift in Sources */,
			);
			runOnlyForDeploymentPostprocessing = 0;
		};
/* End PBXSourcesBuildPhase section */

/* Begin PBXVariantGroup section */
		89BBAEBD2898EF44008F21CD /* Main.storyboard */ = {
			isa = PBXVariantGroup;
			children = (
				89BBAEBE2898EF44008F21CD /* Base */,
			);
			name = Main.storyboard;
			sourceTree = "<group>";
		};
		89BBAEC22898EF4A008F21CD /* LaunchScreen.storyboard */ = {
			isa = PBXVariantGroup;
			children = (
				89BBAEC32898EF4A008F21CD /* Base */,
			);
			name = LaunchScreen.storyboard;
			sourceTree = "<group>";
		};
/* End PBXVariantGroup section */

/* Begin XCBuildConfiguration section */
		89BBAEC62898EF4A008F21CD /* Debug */ = {
			isa = XCBuildConfiguration;
			buildSettings = {
				ALWAYS_SEARCH_USER_PATHS = NO;
				CLANG_ANALYZER_NONNULL = YES;
				CLANG_ANALYZER_NUMBER_OBJECT_CONVERSION = YES_AGGRESSIVE;
				CLANG_CXX_LANGUAGE_STANDARD = "gnu++17";
				CLANG_ENABLE_MODULES = YES;
				CLANG_ENABLE_OBJC_ARC = YES;
				CLANG_ENABLE_OBJC_WEAK = YES;
				CLANG_WARN_BLOCK_CAPTURE_AUTORELEASING = YES;
				CLANG_WARN_BOOL_CONVERSION = YES;
				CLANG_WARN_COMMA = YES;
				CLANG_WARN_CONSTANT_CONVERSION = YES;
				CLANG_WARN_DEPRECATED_OBJC_IMPLEMENTATIONS = YES;
				CLANG_WARN_DIRECT_OBJC_ISA_USAGE = YES_ERROR;
				CLANG_WARN_DOCUMENTATION_COMMENTS = YES;
				CLANG_WARN_EMPTY_BODY = YES;
				CLANG_WARN_ENUM_CONVERSION = YES;
				CLANG_WARN_INFINITE_RECURSION = YES;
				CLANG_WARN_INT_CONVERSION = YES;
				CLANG_WARN_NON_LITERAL_NULL_CONVERSION = YES;
				CLANG_WARN_OBJC_IMPLICIT_RETAIN_SELF = YES;
				CLANG_WARN_OBJC_LITERAL_CONVERSION = YES;
				CLANG_WARN_OBJC_ROOT_CLASS = YES_ERROR;
				CLANG_WARN_QUOTED_INCLUDE_IN_FRAMEWORK_HEADER = YES;
				CLANG_WARN_RANGE_LOOP_ANALYSIS = YES;
				CLANG_WARN_STRICT_PROTOTYPES = YES;
				CLANG_WARN_SUSPICIOUS_MOVE = YES;
				CLANG_WARN_UNGUARDED_AVAILABILITY = YES_AGGRESSIVE;
				CLANG_WARN_UNREACHABLE_CODE = YES;
				CLANG_WARN__DUPLICATE_METHOD_MATCH = YES;
				COPY_PHASE_STRIP = NO;
				DEBUG_INFORMATION_FORMAT = dwarf;
				ENABLE_STRICT_OBJC_MSGSEND = YES;
				ENABLE_TESTABILITY = YES;
				GCC_C_LANGUAGE_STANDARD = gnu11;
				GCC_DYNAMIC_NO_PIC = NO;
				GCC_NO_COMMON_BLOCKS = YES;
				GCC_OPTIMIZATION_LEVEL = 0;
				GCC_PREPROCESSOR_DEFINITIONS = (
					"DEBUG=1",
					"$(inherited)",
				);
				GCC_WARN_64_TO_32_BIT_CONVERSION = YES;
				GCC_WARN_ABOUT_RETURN_TYPE = YES_ERROR;
				GCC_WARN_UNDECLARED_SELECTOR = YES;
				GCC_WARN_UNINITIALIZED_AUTOS = YES_AGGRESSIVE;
				GCC_WARN_UNUSED_FUNCTION = YES;
				GCC_WARN_UNUSED_VARIABLE = YES;
				IPHONEOS_DEPLOYMENT_TARGET = 15.0;
				MTL_ENABLE_DEBUG_INFO = INCLUDE_SOURCE;
				MTL_FAST_MATH = YES;
				ONLY_ACTIVE_ARCH = YES;
				SDKROOT = iphoneos;
				SWIFT_ACTIVE_COMPILATION_CONDITIONS = DEBUG;
				SWIFT_OPTIMIZATION_LEVEL = "-Onone";
			};
			name = Debug;
		};
		89BBAEC72898EF4A008F21CD /* Release */ = {
			isa = XCBuildConfiguration;
			buildSettings = {
				ALWAYS_SEARCH_USER_PATHS = NO;
				CLANG_ANALYZER_NONNULL = YES;
				CLANG_ANALYZER_NUMBER_OBJECT_CONVERSION = YES_AGGRESSIVE;
				CLANG_CXX_LANGUAGE_STANDARD = "gnu++17";
				CLANG_ENABLE_MODULES = YES;
				CLANG_ENABLE_OBJC_ARC = YES;
				CLANG_ENABLE_OBJC_WEAK = YES;
				CLANG_WARN_BLOCK_CAPTURE_AUTORELEASING = YES;
				CLANG_WARN_BOOL_CONVERSION = YES;
				CLANG_WARN_COMMA = YES;
				CLANG_WARN_CONSTANT_CONVERSION = YES;
				CLANG_WARN_DEPRECATED_OBJC_IMPLEMENTATIONS = YES;
				CLANG_WARN_DIRECT_OBJC_ISA_USAGE = YES_ERROR;
				CLANG_WARN_DOCUMENTATION_COMMENTS = YES;
				CLANG_WARN_EMPTY_BODY = YES;
				CLANG_WARN_ENUM_CONVERSION = YES;
				CLANG_WARN_INFINITE_RECURSION = YES;
				CLANG_WARN_INT_CONVERSION = YES;
				CLANG_WARN_NON_LITERAL_NULL_CONVERSION = YES;
				CLANG_WARN_OBJC_IMPLICIT_RETAIN_SELF = YES;
				CLANG_WARN_OBJC_LITERAL_CONVERSION = YES;
				CLANG_WARN_OBJC_ROOT_CLASS = YES_ERROR;
				CLANG_WARN_QUOTED_INCLUDE_IN_FRAMEWORK_HEADER = YES;
				CLANG_WARN_RANGE_LOOP_ANALYSIS = YES;
				CLANG_WARN_STRICT_PROTOTYPES = YES;
				CLANG_WARN_SUSPICIOUS_MOVE = YES;
				CLANG_WARN_UNGUARDED_AVAILABILITY = YES_AGGRESSIVE;
				CLANG_WARN_UNREACHABLE_CODE = YES;
				CLANG_WARN__DUPLICATE_METHOD_MATCH = YES;
				COPY_PHASE_STRIP = NO;
				DEBUG_INFORMATION_FORMAT = "dwarf-with-dsym";
				ENABLE_NS_ASSERTIONS = NO;
				ENABLE_STRICT_OBJC_MSGSEND = YES;
				GCC_C_LANGUAGE_STANDARD = gnu11;
				GCC_NO_COMMON_BLOCKS = YES;
				GCC_WARN_64_TO_32_BIT_CONVERSION = YES;
				GCC_WARN_ABOUT_RETURN_TYPE = YES_ERROR;
				GCC_WARN_UNDECLARED_SELECTOR = YES;
				GCC_WARN_UNINITIALIZED_AUTOS = YES_AGGRESSIVE;
				GCC_WARN_UNUSED_FUNCTION = YES;
				GCC_WARN_UNUSED_VARIABLE = YES;
				IPHONEOS_DEPLOYMENT_TARGET = 15.0;
				MTL_ENABLE_DEBUG_INFO = NO;
				MTL_FAST_MATH = YES;
				SDKROOT = iphoneos;
				SWIFT_COMPILATION_MODE = wholemodule;
				SWIFT_OPTIMIZATION_LEVEL = "-O";
				VALIDATE_PRODUCT = YES;
			};
			name = Release;
		};
		89BBAEC92898EF4A008F21CD /* Debug */ = {
			isa = XCBuildConfiguration;
			baseConfigurationReference = 6CFEF8BA698AA24AC5C345EE /* Pods-TransitVisuals.debug.xcconfig */;
			buildSettings = {
				ASSETCATALOG_COMPILER_APPICON_NAME = AppIcon;
				ASSETCATALOG_COMPILER_GLOBAL_ACCENT_COLOR_NAME = AccentColor;
				ASSETCATALOG_COMPILER_INCLUDE_ALL_APPICON_ASSETS = YES;
				CODE_SIGN_STYLE = Automatic;
				CURRENT_PROJECT_VERSION = 1;
				DEVELOPMENT_TEAM = FFHB5F748K;
				GENERATE_INFOPLIST_FILE = YES;
				INFOPLIST_FILE = TransitVisuals/Info.plist;
				INFOPLIST_KEY_UIApplicationSupportsIndirectInputEvents = YES;
				INFOPLIST_KEY_UILaunchStoryboardName = LaunchScreen;
				INFOPLIST_KEY_UIMainStoryboardFile = Main;
				INFOPLIST_KEY_UISupportedInterfaceOrientations_iPad = "UIInterfaceOrientationPortrait UIInterfaceOrientationPortraitUpsideDown UIInterfaceOrientationLandscapeLeft UIInterfaceOrientationLandscapeRight";
				INFOPLIST_KEY_UISupportedInterfaceOrientations_iPhone = "UIInterfaceOrientationPortrait UIInterfaceOrientationLandscapeLeft UIInterfaceOrientationLandscapeRight";
				LD_RUNPATH_SEARCH_PATHS = (
					"$(inherited)",
					"@executable_path/Frameworks",
				);
				MARKETING_VERSION = 1.0;
				PRODUCT_BUNDLE_IDENTIFIER = "rahuln-uvic.ca.TransitVisuals";
				PRODUCT_NAME = "$(TARGET_NAME)";
				SWIFT_EMIT_LOC_STRINGS = YES;
				SWIFT_VERSION = 5.0;
				TARGETED_DEVICE_FAMILY = "1,2";
			};
			name = Debug;
		};
		89BBAECA2898EF4A008F21CD /* Release */ = {
			isa = XCBuildConfiguration;
			baseConfigurationReference = 67A270D1AF26B268B7D4C00E /* Pods-TransitVisuals.release.xcconfig */;
			buildSettings = {
				ASSETCATALOG_COMPILER_APPICON_NAME = AppIcon;
				ASSETCATALOG_COMPILER_GLOBAL_ACCENT_COLOR_NAME = AccentColor;
				ASSETCATALOG_COMPILER_INCLUDE_ALL_APPICON_ASSETS = YES;
				CODE_SIGN_STYLE = Automatic;
				CURRENT_PROJECT_VERSION = 1;
				DEVELOPMENT_TEAM = FFHB5F748K;
				GENERATE_INFOPLIST_FILE = YES;
				INFOPLIST_FILE = TransitVisuals/Info.plist;
				INFOPLIST_KEY_UIApplicationSupportsIndirectInputEvents = YES;
				INFOPLIST_KEY_UILaunchStoryboardName = LaunchScreen;
				INFOPLIST_KEY_UIMainStoryboardFile = Main;
				INFOPLIST_KEY_UISupportedInterfaceOrientations_iPad = "UIInterfaceOrientationPortrait UIInterfaceOrientationPortraitUpsideDown UIInterfaceOrientationLandscapeLeft UIInterfaceOrientationLandscapeRight";
				INFOPLIST_KEY_UISupportedInterfaceOrientations_iPhone = "UIInterfaceOrientationPortrait UIInterfaceOrientationLandscapeLeft UIInterfaceOrientationLandscapeRight";
				LD_RUNPATH_SEARCH_PATHS = (
					"$(inherited)",
					"@executable_path/Frameworks",
				);
				MARKETING_VERSION = 1.0;
				PRODUCT_BUNDLE_IDENTIFIER = "rahuln-uvic.ca.TransitVisuals";
				PRODUCT_NAME = "$(TARGET_NAME)";
				SWIFT_EMIT_LOC_STRINGS = YES;
				SWIFT_VERSION = 5.0;
				TARGETED_DEVICE_FAMILY = "1,2";
			};
			name = Release;
		};
/* End XCBuildConfiguration section */

/* Begin XCConfigurationList section */
		89BBAEAF2898EF44008F21CD /* Build configuration list for PBXProject "TransitVisuals" */ = {
			isa = XCConfigurationList;
			buildConfigurations = (
				89BBAEC62898EF4A008F21CD /* Debug */,
				89BBAEC72898EF4A008F21CD /* Release */,
			);
			defaultConfigurationIsVisible = 0;
			defaultConfigurationName = Release;
		};
		89BBAEC82898EF4A008F21CD /* Build configuration list for PBXNativeTarget "TransitVisuals" */ = {
			isa = XCConfigurationList;
			buildConfigurations = (
				89BBAEC92898EF4A008F21CD /* Debug */,
				89BBAECA2898EF4A008F21CD /* Release */,
			);
			defaultConfigurationIsVisible = 0;
			defaultConfigurationName = Release;
		};
/* End XCConfigurationList section */

/* Begin XCVersionGroup section */
		89F384C029692EB400D1E504 /* DataModel.xcdatamodeld */ = {
			isa = XCVersionGroup;
			children = (
				89F384C129692EB400D1E504 /* DataModel.xcdatamodel */,
			);
			currentVersion = 89F384C129692EB400D1E504 /* DataModel.xcdatamodel */;
			path = DataModel.xcdatamodeld;
			sourceTree = "<group>";
			versionGroupType = wrapper.xcdatamodel;
		};
/* End XCVersionGroup section */
	};
	rootObject = 89BBAEAC2898EF44008F21CD /* Project object */;
}
